
Microsoft Visual Studio Solution File, Format Version 12.00
# Visual Studio Version 16
VisualStudioVersion = 16.0.31019.35
MinimumVisualStudioVersion = 10.0.40219.1
Project("{9A19103F-16F7-4668-BE54-9A1E7A4F7556}") = "Itvitae_WPF_GameOfLife", "Itvitae_WPF_GameOfLife\Itvitae_WPF_GameOfLife.csproj", "{EC2A2DFB-4264-4E8C-9185-ADB88F34A8E0}"
EndProject
Project("{FAE04EC0-301F-11D3-BF4B-00C04F79EFBC}") = "GameOfLife", "GameOfLife\GameOfLife.csproj", "{6D4987B2-350D-4AE3-AB48-60185D2CEAAE}"
EndProject
Global
	GlobalSection(SolutionConfigurationPlatforms) = preSolution
		Debug|Any CPU = Debug|Any CPU
		Release|Any CPU = Release|Any CPU
	EndGlobalSection
	GlobalSection(ProjectConfigurationPlatforms) = postSolution
		{EC2A2DFB-4264-4E8C-9185-ADB88F34A8E0}.Debug|Any CPU.ActiveCfg = Debug|Any CPU
		{EC2A2DFB-4264-4E8C-9185-ADB88F34A8E0}.Debug|Any CPU.Build.0 = Debug|Any CPU
		{EC2A2DFB-4264-4E8C-9185-ADB88F34A8E0}.Release|Any CPU.ActiveCfg = Release|Any CPU
		{EC2A2DFB-4264-4E8C-9185-ADB88F34A8E0}.Release|Any CPU.Build.0 = Release|Any CPU
		{6D4987B2-350D-4AE3-AB48-60185D2CEAAE}.Debug|Any CPU.ActiveCfg = Debug|Any CPU
		{6D4987B2-350D-4AE3-AB48-60185D2CEAAE}.Debug|Any CPU.Build.0 = Debug|Any CPU
		{6D4987B2-350D-4AE3-AB48-60185D2CEAAE}.Release|Any CPU.ActiveCfg = Release|Any CPU
		{6D4987B2-350D-4AE3-AB48-60185D2CEAAE}.Release|Any CPU.Build.0 = Release|Any CPU
	EndGlobalSection
	GlobalSection(SolutionProperties) = preSolution
		HideSolutionNode = FALSE
	EndGlobalSection
	GlobalSection(ExtensibilityGlobals) = postSolution
		SolutionGuid = {C1EF820E-0E22-4AA0-AE6E-21E6C7FF9FFE}
	EndGlobalSection
EndGlobal
